
Microsoft Visual Studio Solution File, Format Version 12.00
Project("{FAE04EC0-301F-11D3-BF4B-00C04F79EFBC}") = "Plawright.Api.Testing.Poc", "Plawright.Api.Testing.Poc\Plawright.Api.Testing.Poc.csproj", "{EA9F443D-2F1F-4F72-92BF-B6CE4A236079}"
EndProject
Project("{FAE04EC0-301F-11D3-BF4B-00C04F79EFBC}") = "Playwright.Web.Testing.Poc", "Playwright.Web.Testing.Poc\Playwright.Web.Testing.Poc.csproj", "{3667C205-B8A5-413F-B69D-9451F34B6D55}"
EndProject
Global
	GlobalSection(SolutionConfigurationPlatforms) = preSolution
		Debug|Any CPU = Debug|Any CPU
		Release|Any CPU = Release|Any CPU
	EndGlobalSection
	GlobalSection(ProjectConfigurationPlatforms) = postSolution
		{EA9F443D-2F1F-4F72-92BF-B6CE4A236079}.Debug|Any CPU.ActiveCfg = Debug|Any CPU
		{EA9F443D-2F1F-4F72-92BF-B6CE4A236079}.Debug|Any CPU.Build.0 = Debug|Any CPU
		{EA9F443D-2F1F-4F72-92BF-B6CE4A236079}.Release|Any CPU.ActiveCfg = Release|Any CPU
		{EA9F443D-2F1F-4F72-92BF-B6CE4A236079}.Release|Any CPU.Build.0 = Release|Any CPU
		{3667C205-B8A5-413F-B69D-9451F34B6D55}.Debug|Any CPU.ActiveCfg = Debug|Any CPU
		{3667C205-B8A5-413F-B69D-9451F34B6D55}.Debug|Any CPU.Build.0 = Debug|Any CPU
		{3667C205-B8A5-413F-B69D-9451F34B6D55}.Release|Any CPU.ActiveCfg = Release|Any CPU
		{3667C205-B8A5-413F-B69D-9451F34B6D55}.Release|Any CPU.Build.0 = Release|Any CPU
	EndGlobalSection
EndGlobal
